// !$*UTF8*$!
{
	archiveVersion = 1;
	classes = {
	};
	objectVersion = 46;
	objects = {

/* Begin PBXBuildFile section */
		E01337C1196487FA0018AF50 /* AppDelegate.swift in Sources */ = {isa = PBXBuildFile; fileRef = E01337C0196487FA0018AF50 /* AppDelegate.swift */; };
		E01337C4196487FA0018AF50 /* Adressbuch_Tutorial.xcdatamodeld in Sources */ = {isa = PBXBuildFile; fileRef = E01337C2196487FA0018AF50 /* Adressbuch_Tutorial.xcdatamodeld */; };
		E01337C6196487FA0018AF50 /* Images.xcassets in Resources */ = {isa = PBXBuildFile; fileRef = E01337C5196487FA0018AF50 /* Images.xcassets */; };
		E01337D2196487FA0018AF50 /* Adressbuch_TutorialTests.swift in Sources */ = {isa = PBXBuildFile; fileRef = E01337D1196487FA0018AF50 /* Adressbuch_TutorialTests.swift */; };
		E01337DC196488060018AF50 /* Main.storyboard in Resources */ = {isa = PBXBuildFile; fileRef = E01337DB196488060018AF50 /* Main.storyboard */; };
		E01337E0196488BA0018AF50 /* Person.m in Sources */ = {isa = PBXBuildFile; fileRef = E01337DF196488BA0018AF50 /* Person.m */; };
		E01337E41964894E0018AF50 /* detailVC.swift in Sources */ = {isa = PBXBuildFile; fileRef = E01337E31964894E0018AF50 /* detailVC.swift */; };
		E01337E6196489860018AF50 /* MainTVC.swift in Sources */ = {isa = PBXBuildFile; fileRef = E01337E5196489860018AF50 /* MainTVC.swift */; };
/* End PBXBuildFile section */

/* Begin PBXContainerItemProxy section */
		E01337CC196487FA0018AF50 /* PBXContainerItemProxy */ = {
			isa = PBXContainerItemProxy;
			containerPortal = E01337B3196487FA0018AF50 /* Project object */;
			proxyType = 1;
			remoteGlobalIDString = E01337BA196487FA0018AF50;
			remoteInfo = "Adressbuch-Tutorial";
		};
/* End PBXContainerItemProxy section */

/* Begin PBXFileReference section */
		E01337BB196487FA0018AF50 /* Adressbuch-Tutorial.app */ = {isa = PBXFileReference; explicitFileType = wrapper.application; includeInIndex = 0; path = "Adressbuch-Tutorial.app"; sourceTree = BUILT_PRODUCTS_DIR; };
		E01337BF196487FA0018AF50 /* Info.plist */ = {isa = PBXFileReference; lastKnownFileType = text.plist.xml; path = Info.plist; sourceTree = "<group>"; };
		E01337C0196487FA0018AF50 /* AppDelegate.swift */ = {isa = PBXFileReference; lastKnownFileType = sourcecode.swift; path = AppDelegate.swift; sourceTree = "<group>"; };
		E01337C3196487FA0018AF50 /* Adressbuch_Tutorial.xcdatamodel */ = {isa = PBXFileReference; lastKnownFileType = wrapper.xcdatamodel; path = Adressbuch_Tutorial.xcdatamodel; sourceTree = "<group>"; };
		E01337C5196487FA0018AF50 /* Images.xcassets */ = {isa = PBXFileReference; lastKnownFileType = folder.assetcatalog; path = Images.xcassets; sourceTree = "<group>"; };
		E01337CB196487FA0018AF50 /* Adressbuch-TutorialTests.xctest */ = {isa = PBXFileReference; explicitFileType = wrapper.cfbundle; includeInIndex = 0; path = "Adressbuch-TutorialTests.xctest"; sourceTree = BUILT_PRODUCTS_DIR; };
		E01337D0196487FA0018AF50 /* Info.plist */ = {isa = PBXFileReference; lastKnownFileType = text.plist.xml; path = Info.plist; sourceTree = "<group>"; };
		E01337D1196487FA0018AF50 /* Adressbuch_TutorialTests.swift */ = {isa = PBXFileReference; lastKnownFileType = sourcecode.swift; path = Adressbuch_TutorialTests.swift; sourceTree = "<group>"; };
		E01337DB196488060018AF50 /* Main.storyboard */ = {isa = PBXFileReference; fileEncoding = 4; lastKnownFileType = file.storyboard; path = Main.storyboard; sourceTree = "<group>"; };
		E01337DD196488BA0018AF50 /* Adressbuch-Tutorial-Bridging-Header.h */ = {isa = PBXFileReference; lastKnownFileType = sourcecode.c.h; path = "Adressbuch-Tutorial-Bridging-Header.h"; sourceTree = "<group>"; };
		E01337DE196488BA0018AF50 /* Person.h */ = {isa = PBXFileReference; fileEncoding = 4; lastKnownFileType = sourcecode.c.h; path = Person.h; sourceTree = "<group>"; };
		E01337DF196488BA0018AF50 /* Person.m */ = {isa = PBXFileReference; fileEncoding = 4; lastKnownFileType = sourcecode.c.objc; path = Person.m; sourceTree = "<group>"; };
		E01337E31964894E0018AF50 /* detailVC.swift */ = {isa = PBXFileReference; fileEncoding = 4; lastKnownFileType = sourcecode.swift; path = detailVC.swift; sourceTree = "<group>"; };
		E01337E5196489860018AF50 /* MainTVC.swift */ = {isa = PBXFileReference; fileEncoding = 4; lastKnownFileType = sourcecode.swift; path = MainTVC.swift; sourceTree = "<group>"; };
/* End PBXFileReference section */

/* Begin PBXFrameworksBuildPhase section */
		E01337B8196487FA0018AF50 /* Frameworks */ = {
			isa = PBXFrameworksBuildPhase;
			buildActionMask = 2147483647;
			files = (
			);
			runOnlyForDeploymentPostprocessing = 0;
		};
		E01337C8196487FA0018AF50 /* Frameworks */ = {
			isa = PBXFrameworksBuildPhase;
			buildActionMask = 2147483647;
			files = (
			);
			runOnlyForDeploymentPostprocessing = 0;
		};
/* End PBXFrameworksBuildPhase section */

/* Begin PBXGroup section */
		E01337B2196487FA0018AF50 = {
			isa = PBXGroup;
			children = (
				E01337BD196487FA0018AF50 /* Adressbuch-Tutorial */,
				E01337CE196487FA0018AF50 /* Adressbuch-TutorialTests */,
				E01337BC196487FA0018AF50 /* Products */,
			);
			sourceTree = "<group>";
		};
		E01337BC196487FA0018AF50 /* Products */ = {
			isa = PBXGroup;
			children = (
				E01337BB196487FA0018AF50 /* Adressbuch-Tutorial.app */,
				E01337CB196487FA0018AF50 /* Adressbuch-TutorialTests.xctest */,
			);
			name = Products;
			sourceTree = "<group>";
		};
		E01337BD196487FA0018AF50 /* Adressbuch-Tutorial */ = {
			isa = PBXGroup;
			children = (
				E01337C0196487FA0018AF50 /* AppDelegate.swift */,
				E01337DB196488060018AF50 /* Main.storyboard */,
				E01337C5196487FA0018AF50 /* Images.xcassets */,
				E01337C2196487FA0018AF50 /* Adressbuch_Tutorial.xcdatamodeld */,
				E01337DE196488BA0018AF50 /* Person.h */,
				E01337DF196488BA0018AF50 /* Person.m */,
				E01337E5196489860018AF50 /* MainTVC.swift */,
				E01337E31964894E0018AF50 /* detailVC.swift */,
				E01337BE196487FA0018AF50 /* Supporting Files */,
				E01337DD196488BA0018AF50 /* Adressbuch-Tutorial-Bridging-Header.h */,
			);
			path = "Adressbuch-Tutorial";
			sourceTree = "<group>";
		};
		E01337BE196487FA0018AF50 /* Supporting Files */ = {
			isa = PBXGroup;
			children = (
				E01337BF196487FA0018AF50 /* Info.plist */,
			);
			name = "Supporting Files";
			sourceTree = "<group>";
		};
		E01337CE196487FA0018AF50 /* Adressbuch-TutorialTests */ = {
			isa = PBXGroup;
			children = (
				E01337D1196487FA0018AF50 /* Adressbuch_TutorialTests.swift */,
				E01337CF196487FA0018AF50 /* Supporting Files */,
			);
			path = "Adressbuch-TutorialTests";
			sourceTree = "<group>";
		};
		E01337CF196487FA0018AF50 /* Supporting Files */ = {
			isa = PBXGroup;
			children = (
				E01337D0196487FA0018AF50 /* Info.plist */,
			);
			name = "Supporting Files";
			sourceTree = "<group>";
		};
/* End PBXGroup section */

/* Begin PBXNativeTarget section */
		E01337BA196487FA0018AF50 /* Adressbuch-Tutorial */ = {
			isa = PBXNativeTarget;
			buildConfigurationList = E01337D5196487FA0018AF50 /* Build configuration list for PBXNativeTarget "Adressbuch-Tutorial" */;
			buildPhases = (
				E01337B7196487FA0018AF50 /* Sources */,
				E01337B8196487FA0018AF50 /* Frameworks */,
				E01337B9196487FA0018AF50 /* Resources */,
			);
			buildRules = (
			);
			dependencies = (
			);
			name = "Adressbuch-Tutorial";
			productName = "Adressbuch-Tutorial";
			productReference = E01337BB196487FA0018AF50 /* Adressbuch-Tutorial.app */;
			productType = "com.apple.product-type.application";
		};
		E01337CA196487FA0018AF50 /* Adressbuch-TutorialTests */ = {
			isa = PBXNativeTarget;
			buildConfigurationList = E01337D8196487FA0018AF50 /* Build configuration list for PBXNativeTarget "Adressbuch-TutorialTests" */;
			buildPhases = (
				E01337C7196487FA0018AF50 /* Sources */,
				E01337C8196487FA0018AF50 /* Frameworks */,
				E01337C9196487FA0018AF50 /* Resources */,
			);
			buildRules = (
			);
			dependencies = (
				E01337CD196487FA0018AF50 /* PBXTargetDependency */,
			);
			name = "Adressbuch-TutorialTests";
			productName = "Adressbuch-TutorialTests";
			productReference = E01337CB196487FA0018AF50 /* Adressbuch-TutorialTests.xctest */;
			productType = "com.apple.product-type.bundle.unit-test";
		};
/* End PBXNativeTarget section */

/* Begin PBXProject section */
		E01337B3196487FA0018AF50 /* Project object */ = {
			isa = PBXProject;
			attributes = {
				LastUpgradeCheck = 0600;
				ORGANIZATIONNAME = "Benjamin Herzog";
				TargetAttributes = {
					E01337BA196487FA0018AF50 = {
						CreatedOnToolsVersion = 6.0;
					};
					E01337CA196487FA0018AF50 = {
						CreatedOnToolsVersion = 6.0;
						TestTargetID = E01337BA196487FA0018AF50;
					};
				};
			};
			buildConfigurationList = E01337B6196487FA0018AF50 /* Build configuration list for PBXProject "Adressbuch-Tutorial" */;
			compatibilityVersion = "Xcode 3.2";
			developmentRegion = English;
			hasScannedForEncodings = 0;
			knownRegions = (
				en,
			);
			mainGroup = E01337B2196487FA0018AF50;
			productRefGroup = E01337BC196487FA0018AF50 /* Products */;
			projectDirPath = "";
			projectRoot = "";
			targets = (
				E01337BA196487FA0018AF50 /* Adressbuch-Tutorial */,
				E01337CA196487FA0018AF50 /* Adressbuch-TutorialTests */,
			);
		};
/* End PBXProject section */

/* Begin PBXResourcesBuildPhase section */
		E01337B9196487FA0018AF50 /* Resources */ = {
			isa = PBXResourcesBuildPhase;
			buildActionMask = 2147483647;
			files = (
				E01337C6196487FA0018AF50 /* Images.xcassets in Resources */,
				E01337DC196488060018AF50 /* Main.storyboard in Resources */,
			);
			runOnlyForDeploymentPostprocessing = 0;
		};
		E01337C9196487FA0018AF50 /* Resources */ = {
			isa = PBXResourcesBuildPhase;
			buildActionMask = 2147483647;
			files = (
			);
			runOnlyForDeploymentPostprocessing = 0;
		};
/* End PBXResourcesBuildPhase section */

/* Begin PBXSourcesBuildPhase section */
		E01337B7196487FA0018AF50 /* Sources */ = {
			isa = PBXSourcesBuildPhase;
			buildActionMask = 2147483647;
			files = (
				E01337E6196489860018AF50 /* MainTVC.swift in Sources */,
				E01337E0196488BA0018AF50 /* Person.m in Sources */,
				E01337E41964894E0018AF50 /* detailVC.swift in Sources */,
				E01337C4196487FA0018AF50 /* Adressbuch_Tutorial.xcdatamodeld in Sources */,
				E01337C1196487FA0018AF50 /* AppDelegate.swift in Sources */,
			);
			runOnlyForDeploymentPostprocessing = 0;
		};
		E01337C7196487FA0018AF50 /* Sources */ = {
			isa = PBXSourcesBuildPhase;
			buildActionMask = 2147483647;
			files = (
				E01337D2196487FA0018AF50 /* Adressbuch_TutorialTests.swift in Sources */,
			);
			runOnlyForDeploymentPostprocessing = 0;
		};
/* End PBXSourcesBuildPhase section */

/* Begin PBXTargetDependency section */
		E01337CD196487FA0018AF50 /* PBXTargetDependency */ = {
			isa = PBXTargetDependency;
			target = E01337BA196487FA0018AF50 /* Adressbuch-Tutorial */;
			targetProxy = E01337CC196487FA0018AF50 /* PBXContainerItemProxy */;
		};
/* End PBXTargetDependency section */

/* Begin XCBuildConfiguration section */
		E01337D3196487FA0018AF50 /* Debug */ = {
			isa = XCBuildConfiguration;
			buildSettings = {
				ALWAYS_SEARCH_USER_PATHS = NO;
				CLANG_CXX_LANGUAGE_STANDARD = "gnu++0x";
				CLANG_CXX_LIBRARY = "libc++";
				CLANG_ENABLE_MODULES = YES;
				CLANG_ENABLE_OBJC_ARC = YES;
				CLANG_WARN_BOOL_CONVERSION = YES;
				CLANG_WARN_CONSTANT_CONVERSION = YES;
				CLANG_WARN_DIRECT_OBJC_ISA_USAGE = YES_ERROR;
				CLANG_WARN_EMPTY_BODY = YES;
				CLANG_WARN_ENUM_CONVERSION = YES;
				CLANG_WARN_INT_CONVERSION = YES;
				CLANG_WARN_OBJC_ROOT_CLASS = YES_ERROR;
				CLANG_WARN_UNREACHABLE_CODE = YES;
				CLANG_WARN__DUPLICATE_METHOD_MATCH = YES;
				"CODE_SIGN_IDENTITY[sdk=iphoneos*]" = "iPhone Developer";
				COPY_PHASE_STRIP = NO;
				ENABLE_STRICT_OBJC_MSGSEND = YES;
				GCC_C_LANGUAGE_STANDARD = gnu99;
				GCC_DYNAMIC_NO_PIC = NO;
				GCC_OPTIMIZATION_LEVEL = 0;
				GCC_PREPROCESSOR_DEFINITIONS = (
					"DEBUG=1",
					"$(inherited)",
				);
				GCC_SYMBOLS_PRIVATE_EXTERN = NO;
				GCC_WARN_64_TO_32_BIT_CONVERSION = YES;
				GCC_WARN_ABOUT_RETURN_TYPE = YES_ERROR;
				GCC_WARN_UNDECLARED_SELECTOR = YES;
				GCC_WARN_UNINITIALIZED_AUTOS = YES_AGGRESSIVE;
				GCC_WARN_UNUSED_FUNCTION = YES;
				GCC_WARN_UNUSED_VARIABLE = YES;
				IPHONEOS_DEPLOYMENT_TARGET = 8.0;
				METAL_ENABLE_DEBUG_INFO = YES;
				ONLY_ACTIVE_ARCH = YES;
				SDKROOT = iphoneos;
				SWIFT_OPTIMIZATION_LEVEL = "-Onone";
			};
			name = Debug;
		};
		E01337D4196487FA0018AF50 /* Release */ = {
			isa = XCBuildConfiguration;
			buildSettings = {
				ALWAYS_SEARCH_USER_PATHS = NO;
				CLANG_CXX_LANGUAGE_STANDARD = "gnu++0x";
				CLANG_CXX_LIBRARY = "libc++";
				CLANG_ENABLE_MODULES = YES;
				CLANG_ENABLE_OBJC_ARC = YES;
				CLANG_WARN_BOOL_CONVERSION = YES;
				CLANG_WARN_CONSTANT_CONVERSION = YES;
				CLANG_WARN_DIRECT_OBJC_ISA_USAGE = YES_ERROR;
				CLANG_WARN_EMPTY_BODY = YES;
				CLANG_WARN_ENUM_CONVERSION = YES;
				CLANG_WARN_INT_CONVERSION = YES;
				CLANG_WARN_OBJC_ROOT_CLASS = YES_ERROR;
				CLANG_WARN_UNREACHABLE_CODE = YES;
				CLANG_WARN__DUPLICATE_METHOD_MATCH = YES;
				"CODE_SIGN_IDENTITY[sdk=iphoneos*]" = "iPhone Developer";
				COPY_PHASE_STRIP = YES;
				ENABLE_NS_ASSERTIONS = NO;
				ENABLE_STRICT_OBJC_MSGSEND = YES;
				GCC_C_LANGUAGE_STANDARD = gnu99;
				GCC_WARN_64_TO_32_BIT_CONVERSION = YES;
				GCC_WARN_ABOUT_RETURN_TYPE = YES_ERROR;
				GCC_WARN_UNDECLARED_SELECTOR = YES;
				GCC_WARN_UNINITIALIZED_AUTOS = YES_AGGRESSIVE;
				GCC_WARN_UNUSED_FUNCTION = YES;
				GCC_WARN_UNUSED_VARIABLE = YES;
				IPHONEOS_DEPLOYMENT_TARGET = 8.0;
				METAL_ENABLE_DEBUG_INFO = NO;
				SDKROOT = iphoneos;
				VALIDATE_PRODUCT = YES;
			};
			name = Release;
		};
		E01337D6196487FA0018AF50 /* Debug */ = {
			isa = XCBuildConfiguration;
			buildSettings = {
				ASSETCATALOG_COMPILER_APPICON_NAME = AppIcon;
				ASSETCATALOG_COMPILER_LAUNCHIMAGE_NAME = LaunchImage;
				CLANG_ENABLE_MODULES = YES;
				INFOPLIST_FILE = "Adressbuch-Tutorial/Info.plist";
				LD_RUNPATH_SEARCH_PATHS = "$(inherited) @executable_path/Frameworks";
				PRODUCT_NAME = "$(TARGET_NAME)";
				SWIFT_OBJC_BRIDGING_HEADER = "Adressbuch-Tutorial/Adressbuch-Tutorial-Bridging-Header.h";
				SWIFT_OPTIMIZATION_LEVEL = "-Onone";
			};
			name = Debug;
		};
		E01337D7196487FA0018AF50 /* Release */ = {
			isa = XCBuildConfiguration;
			buildSettings = {
				ASSETCATALOG_COMPILER_APPICON_NAME = AppIcon;
				ASSETCATALOG_COMPILER_LAUNCHIMAGE_NAME = LaunchImage;
				CLANG_ENABLE_MODULES = YES;
				INFOPLIST_FILE = "Adressbuch-Tutorial/Info.plist";
				LD_RUNPATH_SEARCH_PATHS = "$(inherited) @executable_path/Frameworks";
				PRODUCT_NAME = "$(TARGET_NAME)";
				SWIFT_OBJC_BRIDGING_HEADER = "Adressbuch-Tutorial/Adressbuch-Tutorial-Bridging-Header.h";
			};
			name = Release;
		};
		E01337D9196487FA0018AF50 /* Debug */ = {
			isa = XCBuildConfiguration;
			buildSettings = {
				BUNDLE_LOADER = "$(BUILT_PRODUCTS_DIR)/Adressbuch-Tutorial.app/Adressbuch-Tutorial";
				FRAMEWORK_SEARCH_PATHS = (
					"$(SDKROOT)/Developer/Library/Frameworks",
					"$(inherited)",
				);
				GCC_PREPROCESSOR_DEFINITIONS = (
					"DEBUG=1",
					"$(inherited)",
				);
				INFOPLIST_FILE = "Adressbuch-TutorialTests/Info.plist";
				LD_RUNPATH_SEARCH_PATHS = "$(inherited) @executable_path/Frameworks @loader_path/Frameworks";
				METAL_ENABLE_DEBUG_INFO = YES;
				PRODUCT_NAME = "$(TARGET_NAME)";
				TEST_HOST = "$(BUNDLE_LOADER)";
			};
			name = Debug;
		};
		E01337DA196487FA0018AF50 /* Release */ = {
			isa = XCBuildConfiguration;
			buildSettings = {
				BUNDLE_LOADER = "$(BUILT_PRODUCTS_DIR)/Adressbuch-Tutorial.app/Adressbuch-Tutorial";
				FRAMEWORK_SEARCH_PATHS = (
					"$(SDKROOT)/Developer/Library/Frameworks",
					"$(inherited)",
				);
				INFOPLIST_FILE = "Adressbuch-TutorialTests/Info.plist";
				LD_RUNPATH_SEARCH_PATHS = "$(inherited) @executable_path/Frameworks @loader_path/Frameworks";
				METAL_ENABLE_DEBUG_INFO = NO;
				PRODUCT_NAME = "$(TARGET_NAME)";
				TEST_HOST = "$(BUNDLE_LOADER)";
			};
			name = Release;
		};
/* End XCBuildConfiguration section */

/* Begin XCConfigurationList section */
		E01337B6196487FA0018AF50 /* Build configuration list for PBXProject "Adressbuch-Tutorial" */ = {
			isa = XCConfigurationList;
			buildConfigurations = (
				E01337D3196487FA0018AF50 /* Debug */,
				E01337D4196487FA0018AF50 /* Release */,
			);
			defaultConfigurationIsVisible = 0;
			defaultConfigurationName = Release;
		};
		E01337D5196487FA0018AF50 /* Build configuration list for PBXNativeTarget "Adressbuch-Tutorial" */ = {
			isa = XCConfigurationList;
			buildConfigurations = (
				E01337D6196487FA0018AF50 /* Debug */,
				E01337D7196487FA0018AF50 /* Release */,
			);
			defaultConfigurationIsVisible = 0;
		};
		E01337D8196487FA0018AF50 /* Build configuration list for PBXNativeTarget "Adressbuch-TutorialTests" */ = {
			isa = XCConfigurationList;
			buildConfigurations = (
				E01337D9196487FA0018AF50 /* Debug */,
				E01337DA196487FA0018AF50 /* Release */,
			);
			defaultConfigurationIsVisible = 0;
		};
/* End XCConfigurationList section */

/* Begin XCVersionGroup section */
		E01337C2196487FA0018AF50 /* Adressbuch_Tutorial.xcdatamodeld */ = {
			isa = XCVersionGroup;
			children = (
				E01337C3196487FA0018AF50 /* Adressbuch_Tutorial.xcdatamodel */,
			);
			currentVersion = E01337C3196487FA0018AF50 /* Adressbuch_Tutorial.xcdatamodel */;
			path = Adressbuch_Tutorial.xcdatamodeld;
			sourceTree = "<group>";
			versionGroupType = wrapper.xcdatamodel;
		};
/* End XCVersionGroup section */
	};
	rootObject = E01337B3196487FA0018AF50 /* Project object */;
}
